
Microsoft Visual Studio Solution File, Format Version 12.00
# Visual Studio Version 17
VisualStudioVersion = 17.8.34408.163
MinimumVisualStudioVersion = 10.0.40219.1
Project("{8BC9CEB8-8B4A-11D0-8D11-00A0C91BC942}") = "midterm", "midterm.vcxproj", "{AEB1465F-A280-4525-B22A-9743B69F4248}"
EndProject
Global
	GlobalSection(SolutionConfigurationPlatforms) = preSolution
		Debug|x64 = Debug|x64
		Debug|x86 = Debug|x86
		Release|x64 = Release|x64
		Release|x86 = Release|x86
	EndGlobalSection
	GlobalSection(ProjectConfigurationPlatforms) = postSolution
		{AEB1465F-A280-4525-B22A-9743B69F4248}.Debug|x64.ActiveCfg = Debug|x64
		{AEB1465F-A280-4525-B22A-9743B69F4248}.Debug|x64.Build.0 = Debug|x64
		{AEB1465F-A280-4525-B22A-9743B69F4248}.Debug|x86.ActiveCfg = Debug|Win32
		{AEB1465F-A280-4525-B22A-9743B69F4248}.Debug|x86.Build.0 = Debug|Win32
		{AEB1465F-A280-4525-B22A-9743B69F4248}.Release|x64.ActiveCfg = Release|x64
		{AEB1465F-A280-4525-B22A-9743B69F4248}.Release|x64.Build.0 = Release|x64
		{AEB1465F-A280-4525-B22A-9743B69F4248}.Release|x86.ActiveCfg = Release|Win32
		{AEB1465F-A280-4525-B22A-9743B69F4248}.Release|x86.Build.0 = Release|Win32
	EndGlobalSection
	GlobalSection(SolutionProperties) = preSolution
		HideSolutionNode = FALSE
	EndGlobalSection
	GlobalSection(ExtensibilityGlobals) = postSolution
		SolutionGuid = {4A45CFE5-7D2B-4417-B9FE-D42AD7CFB303}
	EndGlobalSection
EndGlobal
